
Microsoft Visual Studio Solution File, Format Version 12.00
# Visual Studio Version 16
VisualStudioVersion = 16.0.30204.135
MinimumVisualStudioVersion = 10.0.40219.1
Project("{FAE04EC0-301F-11D3-BF4B-00C04F79EFBC}") = "MarsRovers", "MarsRovers\MarsRovers.csproj", "{24D7B95C-20D5-44DB-8D95-B1DEFECA6F8F}"
EndProject
Project("{FAE04EC0-301F-11D3-BF4B-00C04F79EFBC}") = "MarsRoversTest", "MarsRoversTest\MarsRoversTest.csproj", "{1D91ED72-B971-4BB3-A352-3DE66BB67EF6}"
EndProject
Global
	GlobalSection(SolutionConfigurationPlatforms) = preSolution
		Debug|Any CPU = Debug|Any CPU
		Release|Any CPU = Release|Any CPU
	EndGlobalSection
	GlobalSection(ProjectConfigurationPlatforms) = postSolution
		{24D7B95C-20D5-44DB-8D95-B1DEFECA6F8F}.Debug|Any CPU.ActiveCfg = Debug|Any CPU
		{24D7B95C-20D5-44DB-8D95-B1DEFECA6F8F}.Debug|Any CPU.Build.0 = Debug|Any CPU
		{24D7B95C-20D5-44DB-8D95-B1DEFECA6F8F}.Release|Any CPU.ActiveCfg = Release|Any CPU
		{24D7B95C-20D5-44DB-8D95-B1DEFECA6F8F}.Release|Any CPU.Build.0 = Release|Any CPU
		{1D91ED72-B971-4BB3-A352-3DE66BB67EF6}.Debug|Any CPU.ActiveCfg = Debug|Any CPU
		{1D91ED72-B971-4BB3-A352-3DE66BB67EF6}.Debug|Any CPU.Build.0 = Debug|Any CPU
		{1D91ED72-B971-4BB3-A352-3DE66BB67EF6}.Release|Any CPU.ActiveCfg = Release|Any CPU
		{1D91ED72-B971-4BB3-A352-3DE66BB67EF6}.Release|Any CPU.Build.0 = Release|Any CPU
	EndGlobalSection
	GlobalSection(SolutionProperties) = preSolution
		HideSolutionNode = FALSE
	EndGlobalSection
	GlobalSection(ExtensibilityGlobals) = postSolution
		SolutionGuid = {B64E4861-64CE-4F6E-A606-4B86A603251B}
	EndGlobalSection
EndGlobal
